
Microsoft Visual Studio Solution File, Format Version 12.00
# Visual Studio Version 16
VisualStudioVersion = 16.0.34031.81
MinimumVisualStudioVersion = 10.0.40219.1
Project("{FAE04EC0-301F-11D3-BF4B-00C04F79EFBC}") = "GameProjectSimulation", "GameProjectSimulation\GameProjectSimulation.csproj", "{6CDBC272-1601-4A75-9F47-03C8E2D325A3}"
EndProject
Global
	GlobalSection(SolutionConfigurationPlatforms) = preSolution
		Debug|Any CPU = Debug|Any CPU
		Release|Any CPU = Release|Any CPU
	EndGlobalSection
	GlobalSection(ProjectConfigurationPlatforms) = postSolution
		{6CDBC272-1601-4A75-9F47-03C8E2D325A3}.Debug|Any CPU.ActiveCfg = Debug|Any CPU
		{6CDBC272-1601-4A75-9F47-03C8E2D325A3}.Debug|Any CPU.Build.0 = Debug|Any CPU
		{6CDBC272-1601-4A75-9F47-03C8E2D325A3}.Release|Any CPU.ActiveCfg = Release|Any CPU
		{6CDBC272-1601-4A75-9F47-03C8E2D325A3}.Release|Any CPU.Build.0 = Release|Any CPU
	EndGlobalSection
	GlobalSection(SolutionProperties) = preSolution
		HideSolutionNode = FALSE
	EndGlobalSection
	GlobalSection(ExtensibilityGlobals) = postSolution
		SolutionGuid = {B97B9912-CDEB-4DC5-BF7A-8E3F47D3ADB1}
	EndGlobalSection
EndGlobal
